{
  "name": "mixed-findings",
  "version": "1.0.0",
  "lockfileVersion": 2,
  "packages": {
    "": { "name": "mixed-findings", "version": "1.0.0" },
    "node_modules/@tanstack/react-router": { "version": "1.169.5" },
    "node_modules/@tanstack/router-core": { "version": "1.169.8" },
    "node_modules/safe-action": { "version": "0.8.4" },
    "node_modules/react": { "version": "19.0.0" }
  }
}
